
Microsoft Visual Studio Solution File, Format Version 12.00
# Visual Studio Version 16
VisualStudioVersion = 16.0.33328.57
MinimumVisualStudioVersion = 10.0.40219.1
Project("{FAE04EC0-301F-11D3-BF4B-00C04F79EFBC}") = "Ifelse", "Ifelse\Ifelse.csproj", "{B03B989D-5E73-4484-839D-013C72710A26}"
EndProject
Project("{FAE04EC0-301F-11D3-BF4B-00C04F79EFBC}") = "IfIf", "IfIf\IfIf.csproj", "{7BD78523-CB5D-41A0-9BD3-E536657520A2}"
EndProject
Project("{FAE04EC0-301F-11D3-BF4B-00C04F79EFBC}") = "p151_ex2", "p151_ex2\p151_ex2.csproj", "{0BAD5476-215D-4F14-972E-B23471AB081A}"
EndProject
Project("{FAE04EC0-301F-11D3-BF4B-00C04F79EFBC}") = "p151_ex3", "p151_ex3\p151_ex3.csproj", "{D270AE52-914A-48D4-A9AC-C4B548CA2084}"
EndProject
Project("{FAE04EC0-301F-11D3-BF4B-00C04F79EFBC}") = "p151_ex4", "p151_ex4\p151_ex4.csproj", "{AD0FAEA5-8716-4ECC-A20C-5F08C5835016}"
EndProject
Project("{FAE04EC0-301F-11D3-BF4B-00C04F79EFBC}") = "p151_ex5", "p151_ex5\p151_ex5.csproj", "{E4277347-77F5-4756-AE83-9C1D65670039}"
EndProject
Project("{FAE04EC0-301F-11D3-BF4B-00C04F79EFBC}") = "wsitch", "wsitch\wsitch.csproj", "{C245AEAD-51A6-45B8-9796-908F254E668D}"
EndProject
Project("{FAE04EC0-301F-11D3-BF4B-00C04F79EFBC}") = "p161_ex2", "SwitchExp\p161_ex2.csproj", "{87A6A7DE-CE4E-48C4-B305-99F905BCA8A1}"
EndProject
Project("{FAE04EC0-301F-11D3-BF4B-00C04F79EFBC}") = "p161_ex3", "p161_ex3\p161_ex3.csproj", "{AFDBDBBD-AD3C-4B68-A1B8-D97527375507}"
EndProject
Project("{FAE04EC0-301F-11D3-BF4B-00C04F79EFBC}") = "p163_ex1", "p163_ex1\p163_ex1.csproj", "{F1FAA672-3A36-4F71-8879-97D5FF9BDAE9}"
EndProject
Project("{FAE04EC0-301F-11D3-BF4B-00C04F79EFBC}") = "p166_ex1", "p166_ex1\p166_ex1.csproj", "{374845A5-483B-44B4-A1F8-0328ABF979C5}"
EndProject
Project("{FAE04EC0-301F-11D3-BF4B-00C04F79EFBC}") = "For", "For\For.csproj", "{5825B3E4-61B7-49E6-A490-ED15DF755712}"
EndProject
Project("{FAE04EC0-301F-11D3-BF4B-00C04F79EFBC}") = "ForFor", "ForFor\ForFor.csproj", "{056A2C9B-6940-4E2F-AB3C-B65BF0177AB8}"
EndProject
Project("{FAE04EC0-301F-11D3-BF4B-00C04F79EFBC}") = "foreach", "foreach\foreach.csproj", "{429392BA-CF14-41AC-9F45-F9348F0887D2}"
EndProject
Project("{FAE04EC0-301F-11D3-BF4B-00C04F79EFBC}") = "Break", "Break\Break.csproj", "{7B2AA3CE-C077-43DA-A224-C914BF723257}"
EndProject
Project("{FAE04EC0-301F-11D3-BF4B-00C04F79EFBC}") = "Continu", "Continu\Continu.csproj", "{855A5547-FB65-40B5-A056-E66C582967DA}"
EndProject
Project("{FAE04EC0-301F-11D3-BF4B-00C04F79EFBC}") = "Goto1", "Goto1\Goto1.csproj", "{BFEEB11F-8BC7-4986-A52E-16DAD30BA17E}"
EndProject
Project("{FAE04EC0-301F-11D3-BF4B-00C04F79EFBC}") = "KimBoHyeong_ex1", "KimBoHyeong_ex1\KimBoHyeong_ex1.csproj", "{22FB6986-5319-4321-B2A2-AB8D01CB9BB6}"
EndProject
Global
	GlobalSection(SolutionConfigurationPlatforms) = preSolution
		Debug|Any CPU = Debug|Any CPU
		Release|Any CPU = Release|Any CPU
	EndGlobalSection
	GlobalSection(ProjectConfigurationPlatforms) = postSolution
		{B03B989D-5E73-4484-839D-013C72710A26}.Debug|Any CPU.ActiveCfg = Debug|Any CPU
		{B03B989D-5E73-4484-839D-013C72710A26}.Debug|Any CPU.Build.0 = Debug|Any CPU
		{B03B989D-5E73-4484-839D-013C72710A26}.Release|Any CPU.ActiveCfg = Release|Any CPU
		{B03B989D-5E73-4484-839D-013C72710A26}.Release|Any CPU.Build.0 = Release|Any CPU
		{7BD78523-CB5D-41A0-9BD3-E536657520A2}.Debug|Any CPU.ActiveCfg = Debug|Any CPU
		{7BD78523-CB5D-41A0-9BD3-E536657520A2}.Debug|Any CPU.Build.0 = Debug|Any CPU
		{7BD78523-CB5D-41A0-9BD3-E536657520A2}.Release|Any CPU.ActiveCfg = Release|Any CPU
		{7BD78523-CB5D-41A0-9BD3-E536657520A2}.Release|Any CPU.Build.0 = Release|Any CPU
		{0BAD5476-215D-4F14-972E-B23471AB081A}.Debug|Any CPU.ActiveCfg = Debug|Any CPU
		{0BAD5476-215D-4F14-972E-B23471AB081A}.Debug|Any CPU.Build.0 = Debug|Any CPU
		{0BAD5476-215D-4F14-972E-B23471AB081A}.Release|Any CPU.ActiveCfg = Release|Any CPU
		{0BAD5476-215D-4F14-972E-B23471AB081A}.Release|Any CPU.Build.0 = Release|Any CPU
		{D270AE52-914A-48D4-A9AC-C4B548CA2084}.Debug|Any CPU.ActiveCfg = Debug|Any CPU
		{D270AE52-914A-48D4-A9AC-C4B548CA2084}.Debug|Any CPU.Build.0 = Debug|Any CPU
		{D270AE52-914A-48D4-A9AC-C4B548CA2084}.Release|Any CPU.ActiveCfg = Release|Any CPU
		{D270AE52-914A-48D4-A9AC-C4B548CA2084}.Release|Any CPU.Build.0 = Release|Any CPU
		{AD0FAEA5-8716-4ECC-A20C-5F08C5835016}.Debug|Any CPU.ActiveCfg = Debug|Any CPU
		{AD0FAEA5-8716-4ECC-A20C-5F08C5835016}.Debug|Any CPU.Build.0 = Debug|Any CPU
		{AD0FAEA5-8716-4ECC-A20C-5F08C5835016}.Release|Any CPU.ActiveCfg = Release|Any CPU
		{AD0FAEA5-8716-4ECC-A20C-5F08C5835016}.Release|Any CPU.Build.0 = Release|Any CPU
		{E4277347-77F5-4756-AE83-9C1D65670039}.Debug|Any CPU.ActiveCfg = Debug|Any CPU
		{E4277347-77F5-4756-AE83-9C1D65670039}.Debug|Any CPU.Build.0 = Debug|Any CPU
		{E4277347-77F5-4756-AE83-9C1D65670039}.Release|Any CPU.ActiveCfg = Release|Any CPU
		{E4277347-77F5-4756-AE83-9C1D65670039}.Release|Any CPU.Build.0 = Release|Any CPU
		{C245AEAD-51A6-45B8-9796-908F254E668D}.Debug|Any CPU.ActiveCfg = Debug|Any CPU
		{C245AEAD-51A6-45B8-9796-908F254E668D}.Debug|Any CPU.Build.0 = Debug|Any CPU
		{C245AEAD-51A6-45B8-9796-908F254E668D}.Release|Any CPU.ActiveCfg = Release|Any CPU
		{C245AEAD-51A6-45B8-9796-908F254E668D}.Release|Any CPU.Build.0 = Release|Any CPU
		{87A6A7DE-CE4E-48C4-B305-99F905BCA8A1}.Debug|Any CPU.ActiveCfg = Debug|Any CPU
		{87A6A7DE-CE4E-48C4-B305-99F905BCA8A1}.Debug|Any CPU.Build.0 = Debug|Any CPU
		{87A6A7DE-CE4E-48C4-B305-99F905BCA8A1}.Release|Any CPU.ActiveCfg = Release|Any CPU
		{87A6A7DE-CE4E-48C4-B305-99F905BCA8A1}.Release|Any CPU.Build.0 = Release|Any CPU
		{AFDBDBBD-AD3C-4B68-A1B8-D97527375507}.Debug|Any CPU.ActiveCfg = Debug|Any CPU
		{AFDBDBBD-AD3C-4B68-A1B8-D97527375507}.Debug|Any CPU.Build.0 = Debug|Any CPU
		{AFDBDBBD-AD3C-4B68-A1B8-D97527375507}.Release|Any CPU.ActiveCfg = Release|Any CPU
		{AFDBDBBD-AD3C-4B68-A1B8-D97527375507}.Release|Any CPU.Build.0 = Release|Any CPU
		{F1FAA672-3A36-4F71-8879-97D5FF9BDAE9}.Debug|Any CPU.ActiveCfg = Debug|Any CPU
		{F1FAA672-3A36-4F71-8879-97D5FF9BDAE9}.Debug|Any CPU.Build.0 = Debug|Any CPU
		{F1FAA672-3A36-4F71-8879-97D5FF9BDAE9}.Release|Any CPU.ActiveCfg = Release|Any CPU
		{F1FAA672-3A36-4F71-8879-97D5FF9BDAE9}.Release|Any CPU.Build.0 = Release|Any CPU
		{374845A5-483B-44B4-A1F8-0328ABF979C5}.Debug|Any CPU.ActiveCfg = Debug|Any CPU
		{374845A5-483B-44B4-A1F8-0328ABF979C5}.Debug|Any CPU.Build.0 = Debug|Any CPU
		{374845A5-483B-44B4-A1F8-0328ABF979C5}.Release|Any CPU.ActiveCfg = Release|Any CPU
		{374845A5-483B-44B4-A1F8-0328ABF979C5}.Release|Any CPU.Build.0 = Release|Any CPU
		{5825B3E4-61B7-49E6-A490-ED15DF755712}.Debug|Any CPU.ActiveCfg = Debug|Any CPU
		{5825B3E4-61B7-49E6-A490-ED15DF755712}.Debug|Any CPU.Build.0 = Debug|Any CPU
		{5825B3E4-61B7-49E6-A490-ED15DF755712}.Release|Any CPU.ActiveCfg = Release|Any CPU
		{5825B3E4-61B7-49E6-A490-ED15DF755712}.Release|Any CPU.Build.0 = Release|Any CPU
		{056A2C9B-6940-4E2F-AB3C-B65BF0177AB8}.Debug|Any CPU.ActiveCfg = Debug|Any CPU
		{056A2C9B-6940-4E2F-AB3C-B65BF0177AB8}.Debug|Any CPU.Build.0 = Debug|Any CPU
		{056A2C9B-6940-4E2F-AB3C-B65BF0177AB8}.Release|Any CPU.ActiveCfg = Release|Any CPU
		{056A2C9B-6940-4E2F-AB3C-B65BF0177AB8}.Release|Any CPU.Build.0 = Release|Any CPU
		{429392BA-CF14-41AC-9F45-F9348F0887D2}.Debug|Any CPU.ActiveCfg = Debug|Any CPU
		{429392BA-CF14-41AC-9F45-F9348F0887D2}.Debug|Any CPU.Build.0 = Debug|Any CPU
		{429392BA-CF14-41AC-9F45-F9348F0887D2}.Release|Any CPU.ActiveCfg = Release|Any CPU
		{429392BA-CF14-41AC-9F45-F9348F0887D2}.Release|Any CPU.Build.0 = Release|Any CPU
		{7B2AA3CE-C077-43DA-A224-C914BF723257}.Debug|Any CPU.ActiveCfg = Debug|Any CPU
		{7B2AA3CE-C077-43DA-A224-C914BF723257}.Debug|Any CPU.Build.0 = Debug|Any CPU
		{7B2AA3CE-C077-43DA-A224-C914BF723257}.Release|Any CPU.ActiveCfg = Release|Any CPU
		{7B2AA3CE-C077-43DA-A224-C914BF723257}.Release|Any CPU.Build.0 = Release|Any CPU
		{855A5547-FB65-40B5-A056-E66C582967DA}.Debug|Any CPU.ActiveCfg = Debug|Any CPU
		{855A5547-FB65-40B5-A056-E66C582967DA}.Debug|Any CPU.Build.0 = Debug|Any CPU
		{855A5547-FB65-40B5-A056-E66C582967DA}.Release|Any CPU.ActiveCfg = Release|Any CPU
		{855A5547-FB65-40B5-A056-E66C582967DA}.Release|Any CPU.Build.0 = Release|Any CPU
		{BFEEB11F-8BC7-4986-A52E-16DAD30BA17E}.Debug|Any CPU.ActiveCfg = Debug|Any CPU
		{BFEEB11F-8BC7-4986-A52E-16DAD30BA17E}.Debug|Any CPU.Build.0 = Debug|Any CPU
		{BFEEB11F-8BC7-4986-A52E-16DAD30BA17E}.Release|Any CPU.ActiveCfg = Release|Any CPU
		{BFEEB11F-8BC7-4986-A52E-16DAD30BA17E}.Release|Any CPU.Build.0 = Release|Any CPU
		{22FB6986-5319-4321-B2A2-AB8D01CB9BB6}.Debug|Any CPU.ActiveCfg = Debug|Any CPU
		{22FB6986-5319-4321-B2A2-AB8D01CB9BB6}.Debug|Any CPU.Build.0 = Debug|Any CPU
		{22FB6986-5319-4321-B2A2-AB8D01CB9BB6}.Release|Any CPU.ActiveCfg = Release|Any CPU
		{22FB6986-5319-4321-B2A2-AB8D01CB9BB6}.Release|Any CPU.Build.0 = Release|Any CPU
	EndGlobalSection
	GlobalSection(SolutionProperties) = preSolution
		HideSolutionNode = FALSE
	EndGlobalSection
	GlobalSection(ExtensibilityGlobals) = postSolution
		SolutionGuid = {D29FFE06-E0F8-4C16-BD8F-69293CDD5006}
	EndGlobalSection
EndGlobal
